
Microsoft Visual Studio Solution File, Format Version 12.00
# Visual Studio Version 17
VisualStudioVersion = 17.11.35312.102
MinimumVisualStudioVersion = 10.0.40219.1
Project("{9A19103F-16F7-4668-BE54-9A1E7A4F7556}") = "WPFWeatherAppAPI", "WPF-WeatherAppAPI\WPFWeatherAppAPI.csproj", "{7E12882D-67A3-4ABD-BC96-17EEFC4BEC2E}"
EndProject
Global
	GlobalSection(SolutionConfigurationPlatforms) = preSolution
		Debug|Any CPU = Debug|Any CPU
		Release|Any CPU = Release|Any CPU
	EndGlobalSection
	GlobalSection(ProjectConfigurationPlatforms) = postSolution
		{7E12882D-67A3-4ABD-BC96-17EEFC4BEC2E}.Debug|Any CPU.ActiveCfg = Debug|Any CPU
		{7E12882D-67A3-4ABD-BC96-17EEFC4BEC2E}.Debug|Any CPU.Build.0 = Debug|Any CPU
		{7E12882D-67A3-4ABD-BC96-17EEFC4BEC2E}.Release|Any CPU.ActiveCfg = Release|Any CPU
		{7E12882D-67A3-4ABD-BC96-17EEFC4BEC2E}.Release|Any CPU.Build.0 = Release|Any CPU
	EndGlobalSection
	GlobalSection(SolutionProperties) = preSolution
		HideSolutionNode = FALSE
	EndGlobalSection
	GlobalSection(ExtensibilityGlobals) = postSolution
		SolutionGuid = {1E7987B1-A987-4496-83C5-53C0CEA9F223}
	EndGlobalSection
EndGlobal
